{
  "version": 4,
  "terraform_version": "1.11.4",
  "serial": 12,
  "lineage": "7e4b5940-75ba-7e89-ecff-39aa42bb0333",
  "outputs": {},
  "resources": [
    {
      "mode": "data",
      "type": "yandex_compute_image",
      "name": "ubuntu",
      "provider": "provider[\"registry.terraform.io/yandex-cloud/yandex\"]",
      "instances": [
        {
          "schema_version": 0,
          "attributes": {
            "created_at": "2025-05-05T11:06:24Z",
            "description": "Ubuntu 22.04 lts v20250502030619",
            "family": "ubuntu-2204-lts",
            "folder_id": "standard-images",
            "hardware_generation": [
              {
                "generation2_features": [],
                "legacy_features": [
                  {
                    "pci_topology": "PCI_TOPOLOGY_V1"
                  }
                ]
              }
            ],
            "id": "fd8136cthbfr503tjj72",
            "image_id": "fd8136cthbfr503tjj72",
            "kms_key_id": null,
            "labels": {
              "version": "20250502030619",
              "x-hopper-operation-id": "d9p3qoopi26vsvs4tail",
              "x-hopper-source-image-id": "fd8bpmo3aoidtgipjdp6"
            },
            "min_disk_size": 8,
            "name": "ubuntu-22-04-lts-v20250505",
            "os_type": "linux",
            "pooled": true,
            "product_ids": [
              "f2er2h40eej8fthn21qd"
            ],
            "size": 3,
            "status": "ready"
          },
          "sensitive_attributes": []
        }
      ]
    },
    {
      "mode": "managed",
      "type": "yandex_compute_disk",
      "name": "rasa_vm_disk",
      "provider": "provider[\"registry.terraform.io/yandex-cloud/yandex\"]",
      "instances": [
        {
          "schema_version": 0,
          "attributes": {
            "allow_recreate": null,
            "block_size": 4096,
            "created_at": "2025-05-09T20:39:46Z",
            "description": "",
            "disk_placement_policy": [
              {
                "disk_placement_group_id": ""
              }
            ],
            "folder_id": "b1g5ohl5r89j3fjvtdit",
            "hardware_generation": [
              {
                "generation2_features": [],
                "legacy_features": [
                  {
                    "pci_topology": "PCI_TOPOLOGY_V1"
                  }
                ]
              }
            ],
            "id": "fhmple0atvqg6ldsn8p8",
            "image_id": "fd8136cthbfr503tjj72",
            "kms_key_id": null,
            "labels": {},
            "name": "rasa-vm-disk",
            "product_ids": [
              "f2er2h40eej8fthn21qd"
            ],
            "size": 15,
            "snapshot_id": "",
            "status": "ready",
            "timeouts": null,
            "type": "network-ssd",
            "zone": "ru-central1-a"
          },
          "sensitive_attributes": [],
          "private": "eyJlMmJmYjczMC1lY2FhLTExZTYtOGY4OC0zNDM2M2JjN2M0YzAiOnsiY3JlYXRlIjozMDAwMDAwMDAwMDAsImRlbGV0ZSI6MzAwMDAwMDAwMDAwLCJ1cGRhdGUiOjMwMDAwMDAwMDAwMH19",
          "dependencies": [
            "data.yandex_compute_image.ubuntu"
          ]
        }
      ]
    },
    {
      "mode": "managed",
      "type": "yandex_compute_instance",
      "name": "rasa_vm",
      "provider": "provider[\"registry.terraform.io/yandex-cloud/yandex\"]",
      "instances": [
        {
          "schema_version": 1,
          "attributes": {
            "allow_recreate": null,
            "allow_stopping_for_update": true,
            "boot_disk": [
              {
                "auto_delete": true,
                "device_name": "fhmple0atvqg6ldsn8p8",
                "disk_id": "fhmple0atvqg6ldsn8p8",
                "initialize_params": [
                  {
                    "block_size": 4096,
                    "description": "",
                    "image_id": "fd8136cthbfr503tjj72",
                    "kms_key_id": "",
                    "name": "rasa-vm-disk",
                    "size": 15,
                    "snapshot_id": "",
                    "type": "network-ssd"
                  }
                ],
                "mode": "READ_WRITE"
              }
            ],
            "created_at": "2025-05-09T20:39:59Z",
            "description": "",
            "filesystem": [],
            "folder_id": "b1g5ohl5r89j3fjvtdit",
            "fqdn": "fhmn9vruf1ak943btnqn.auto.internal",
            "gpu_cluster_id": "",
            "hardware_generation": [
              {
                "generation2_features": [],
                "legacy_features": [
                  {
                    "pci_topology": "PCI_TOPOLOGY_V1"
                  }
                ]
              }
            ],
            "hostname": "",
            "id": "fhmn9vruf1ak943btnqn",
            "labels": {},
            "local_disk": [],
            "maintenance_grace_period": "",
            "maintenance_policy": null,
            "metadata": {
              "ssh-keys": "kirilllopatin:ssh-rsa AAAAB3NzaC1yc2EAAAADAQABAAABAQClG3bI+3XK0shEtSBPtKH01H5uEc9XeMtjdzjPqxOUPGGnld0pghwlKKzF03MuUtWFEqS8jwLdQafWbUg1EEhIrHSOkU6ELnoynZ0DscqC8HW9uOQzQIE8QTZQF0BqEThO2tBh8m/cg8A8q0elxZxjdUIQ9vN4oFihg7TxceOlm031pzh50q5tq8eSGvFJIngozom3Bn1Jm9LfFrB/Fchn7kShH9w9Ax1UsmLN34OlkVdtocZAZdRySF6ZKPJZ60OyXn3buGuTmBX6x5d52Wc9ps8xjJGNn4/QTevPGCv9zdNjP35yQH92w1x7QW9BocNlLlvwynUlOuqDfGNBxlCR kirilllopatin@MacBook-Pro-Kirill.local\n"
            },
            "metadata_options": [
              {
                "aws_v1_http_endpoint": 1,
                "aws_v1_http_token": 2,
                "gce_http_endpoint": 1,
                "gce_http_token": 1
              }
            ],
            "name": "rasa-vm",
            "network_acceleration_type": "standard",
            "network_interface": [
              {
                "dns_record": [],
                "index": 0,
                "ip_address": "192.168.10.19",
                "ipv4": true,
                "ipv6": false,
                "ipv6_address": "",
                "ipv6_dns_record": [],
                "mac_address": "d0:0d:17:4f:f7:e7",
                "nat": true,
                "nat_dns_record": [],
                "nat_ip_address": "130.193.39.210",
                "nat_ip_version": "IPV4",
                "security_group_ids": [],
                "subnet_id": "e9blfo10oof04ibc3451"
              }
            ],
            "placement_policy": [
              {
                "host_affinity_rules": [],
                "placement_group_id": "",
                "placement_group_partition": 0
              }
            ],
            "platform_id": "standard-v1",
            "resources": [
              {
                "core_fraction": 100,
                "cores": 2,
                "gpus": 0,
                "memory": 8
              }
            ],
            "scheduling_policy": [
              {
                "preemptible": false
              }
            ],
            "secondary_disk": [],
            "service_account_id": "",
            "status": "running",
            "timeouts": null,
            "zone": "ru-central1-a"
          },
          "sensitive_attributes": [],
          "private": "eyJlMmJmYjczMC1lY2FhLTExZTYtOGY4OC0zNDM2M2JjN2M0YzAiOnsiY3JlYXRlIjozMDAwMDAwMDAwMDAsImRlbGV0ZSI6MzAwMDAwMDAwMDAwLCJ1cGRhdGUiOjMwMDAwMDAwMDAwMH0sInNjaGVtYV92ZXJzaW9uIjoiMSJ9",
          "dependencies": [
            "data.yandex_compute_image.ubuntu",
            "yandex_compute_disk.rasa_vm_disk",
            "yandex_vpc_network.default",
            "yandex_vpc_subnet.default"
          ]
        }
      ]
    },
    {
      "mode": "managed",
      "type": "yandex_vpc_network",
      "name": "default",
      "provider": "provider[\"registry.terraform.io/yandex-cloud/yandex\"]",
      "instances": [
        {
          "schema_version": 0,
          "attributes": {
            "created_at": "2025-05-09T20:39:46Z",
            "default_security_group_id": "enpbe3s39ohpmdr5e1p9",
            "description": "",
            "folder_id": "b1g5ohl5r89j3fjvtdit",
            "id": "enpfun00tknjb70bll6p",
            "labels": {},
            "name": "default-network",
            "subnet_ids": [
              "e9blfo10oof04ibc3451"
            ],
            "timeouts": null
          },
          "sensitive_attributes": [],
          "private": "eyJlMmJmYjczMC1lY2FhLTExZTYtOGY4OC0zNDM2M2JjN2M0YzAiOnsiY3JlYXRlIjo2MDAwMDAwMDAwMCwiZGVsZXRlIjo2MDAwMDAwMDAwMCwidXBkYXRlIjo2MDAwMDAwMDAwMH19"
        }
      ]
    },
    {
      "mode": "managed",
      "type": "yandex_vpc_subnet",
      "name": "default",
      "provider": "provider[\"registry.terraform.io/yandex-cloud/yandex\"]",
      "instances": [
        {
          "schema_version": 0,
          "attributes": {
            "created_at": "2025-05-09T20:39:50Z",
            "description": "",
            "dhcp_options": [],
            "folder_id": "b1g5ohl5r89j3fjvtdit",
            "id": "e9blfo10oof04ibc3451",
            "labels": {},
            "name": "default-subnet",
            "network_id": "enpfun00tknjb70bll6p",
            "route_table_id": "",
            "timeouts": null,
            "v4_cidr_blocks": [
              "192.168.10.0/24"
            ],
            "v6_cidr_blocks": [],
            "zone": "ru-central1-a"
          },
          "sensitive_attributes": [],
          "private": "eyJlMmJmYjczMC1lY2FhLTExZTYtOGY4OC0zNDM2M2JjN2M0YzAiOnsiY3JlYXRlIjoxODAwMDAwMDAwMDAsImRlbGV0ZSI6MTgwMDAwMDAwMDAwLCJ1cGRhdGUiOjE4MDAwMDAwMDAwMH19",
          "dependencies": [
            "yandex_vpc_network.default"
          ]
        }
      ]
    }
  ],
  "check_results": null
}
